
Microsoft Visual Studio Solution File, Format Version 12.00
# Visual Studio Version 17
VisualStudioVersion = 17.3.32819.101
MinimumVisualStudioVersion = 10.0.40219.1
Project("{9A19103F-16F7-4668-BE54-9A1E7A4F7556}") = "probeersel", "probeersel.csproj", "{697CF75B-DE91-4BEC-9DFC-2D6A51ABF4FF}"
EndProject
Project("{9A19103F-16F7-4668-BE54-9A1E7A4F7556}") = "DAL", "DAL\DAL.csproj", "{3CBA9CFE-63BC-4AF2-930E-2C5E9E11B9F7}"
EndProject
Project("{FAE04EC0-301F-11D3-BF4B-00C04F79EFBC}") = "Models", "Models\Models.csproj", "{8B7135F3-5322-4B3A-81E9-7A6A35EAE7AF}"
EndProject
Global
	GlobalSection(SolutionConfigurationPlatforms) = preSolution
		Debug|Any CPU = Debug|Any CPU
		Release|Any CPU = Release|Any CPU
	EndGlobalSection
	GlobalSection(ProjectConfigurationPlatforms) = postSolution
		{697CF75B-DE91-4BEC-9DFC-2D6A51ABF4FF}.Debug|Any CPU.ActiveCfg = Debug|Any CPU
		{697CF75B-DE91-4BEC-9DFC-2D6A51ABF4FF}.Debug|Any CPU.Build.0 = Debug|Any CPU
		{697CF75B-DE91-4BEC-9DFC-2D6A51ABF4FF}.Release|Any CPU.ActiveCfg = Release|Any CPU
		{697CF75B-DE91-4BEC-9DFC-2D6A51ABF4FF}.Release|Any CPU.Build.0 = Release|Any CPU
		{3CBA9CFE-63BC-4AF2-930E-2C5E9E11B9F7}.Debug|Any CPU.ActiveCfg = Debug|Any CPU
		{3CBA9CFE-63BC-4AF2-930E-2C5E9E11B9F7}.Debug|Any CPU.Build.0 = Debug|Any CPU
		{3CBA9CFE-63BC-4AF2-930E-2C5E9E11B9F7}.Release|Any CPU.ActiveCfg = Release|Any CPU
		{3CBA9CFE-63BC-4AF2-930E-2C5E9E11B9F7}.Release|Any CPU.Build.0 = Release|Any CPU
		{8B7135F3-5322-4B3A-81E9-7A6A35EAE7AF}.Debug|Any CPU.ActiveCfg = Debug|Any CPU
		{8B7135F3-5322-4B3A-81E9-7A6A35EAE7AF}.Debug|Any CPU.Build.0 = Debug|Any CPU
		{8B7135F3-5322-4B3A-81E9-7A6A35EAE7AF}.Release|Any CPU.ActiveCfg = Release|Any CPU
		{8B7135F3-5322-4B3A-81E9-7A6A35EAE7AF}.Release|Any CPU.Build.0 = Release|Any CPU
	EndGlobalSection
	GlobalSection(SolutionProperties) = preSolution
		HideSolutionNode = FALSE
	EndGlobalSection
	GlobalSection(ExtensibilityGlobals) = postSolution
		SolutionGuid = {A4A3F7C0-7BC2-4A88-9171-58DDFF5C6317}
	EndGlobalSection
EndGlobal
